
Microsoft Visual Studio Solution File, Format Version 11.00
# Visual Studio 2010
Project("{FAE04EC0-301F-11D3-BF4B-00C04F79EFBC}") = "Softwarekueche.Categorizer", "Softwarekueche.Categorizer\Softwarekueche.Categorizer.csproj", "{294D28B7-12B6-46BB-91FD-3AC0B11A5508}"
EndProject
Project("{FAE04EC0-301F-11D3-BF4B-00C04F79EFBC}") = "Softwarekueche.Categorizer.Tests", "Softwarekueche.Categorizer.Tests\Softwarekueche.Categorizer.Tests.csproj", "{3D64DDB9-7EDD-4E83-8E84-D4ACADEB4CF3}"
EndProject
Global
	GlobalSection(SolutionConfigurationPlatforms) = preSolution
		Debug|Any CPU = Debug|Any CPU
		Release|Any CPU = Release|Any CPU
	EndGlobalSection
	GlobalSection(ProjectConfigurationPlatforms) = postSolution
		{294D28B7-12B6-46BB-91FD-3AC0B11A5508}.Debug|Any CPU.ActiveCfg = Debug|Any CPU
		{294D28B7-12B6-46BB-91FD-3AC0B11A5508}.Debug|Any CPU.Build.0 = Debug|Any CPU
		{294D28B7-12B6-46BB-91FD-3AC0B11A5508}.Release|Any CPU.ActiveCfg = Release|Any CPU
		{294D28B7-12B6-46BB-91FD-3AC0B11A5508}.Release|Any CPU.Build.0 = Release|Any CPU
		{3D64DDB9-7EDD-4E83-8E84-D4ACADEB4CF3}.Debug|Any CPU.ActiveCfg = Debug|Any CPU
		{3D64DDB9-7EDD-4E83-8E84-D4ACADEB4CF3}.Debug|Any CPU.Build.0 = Debug|Any CPU
		{3D64DDB9-7EDD-4E83-8E84-D4ACADEB4CF3}.Release|Any CPU.ActiveCfg = Release|Any CPU
		{3D64DDB9-7EDD-4E83-8E84-D4ACADEB4CF3}.Release|Any CPU.Build.0 = Release|Any CPU
	EndGlobalSection
	GlobalSection(SolutionProperties) = preSolution
		HideSolutionNode = FALSE
	EndGlobalSection
EndGlobal
